
Microsoft Visual Studio Solution File, Format Version 12.00
# Visual Studio Version 17
VisualStudioVersion = 17.8.34511.84
MinimumVisualStudioVersion = 10.0.40219.1
Project("{FAE04EC0-301F-11D3-BF4B-00C04F79EFBC}") = "DnsFromPpk", "DnsFromPpk\DnsFromPpk.csproj", "{78A4CD3B-7343-4840-8864-B7AA9E59C64B}"
EndProject
Global
	GlobalSection(SolutionConfigurationPlatforms) = preSolution
		Debug|Any CPU = Debug|Any CPU
		Release|Any CPU = Release|Any CPU
	EndGlobalSection
	GlobalSection(ProjectConfigurationPlatforms) = postSolution
		{78A4CD3B-7343-4840-8864-B7AA9E59C64B}.Debug|Any CPU.ActiveCfg = Debug|Any CPU
		{78A4CD3B-7343-4840-8864-B7AA9E59C64B}.Debug|Any CPU.Build.0 = Debug|Any CPU
		{78A4CD3B-7343-4840-8864-B7AA9E59C64B}.Release|Any CPU.ActiveCfg = Release|Any CPU
		{78A4CD3B-7343-4840-8864-B7AA9E59C64B}.Release|Any CPU.Build.0 = Release|Any CPU
	EndGlobalSection
	GlobalSection(SolutionProperties) = preSolution
		HideSolutionNode = FALSE
	EndGlobalSection
	GlobalSection(ExtensibilityGlobals) = postSolution
		SolutionGuid = {F091BDFF-3E98-4DC3-99A7-FDC37CA60784}
	EndGlobalSection
EndGlobal
